
Microsoft Visual Studio Solution File, Format Version 12.00
# Visual Studio Express 2012 for Windows Desktop
Project("{8BC9CEB8-8B4A-11D0-8D11-00A0C91BC942}") = "Client", "cl_dll\cl_dll.vcxproj", "{FF985F5C-0317-42ED-8B0B-E602CF0E9534}"
EndProject
Project("{8BC9CEB8-8B4A-11D0-8D11-00A0C91BC942}") = "Server", "dlls\hl.vcxproj", "{1C9F46EB-3FE6-41D1-9108-B30FCA334712}"
EndProject
Global
	GlobalSection(SolutionConfigurationPlatforms) = preSolution
		Debug|Win32 = Debug|Win32
		Profile|Win32 = Profile|Win32
		Release|Win32 = Release|Win32
	EndGlobalSection
	GlobalSection(ProjectConfigurationPlatforms) = postSolution
		{FF985F5C-0317-42ED-8B0B-E602CF0E9534}.Debug|Win32.ActiveCfg = Debug|Win32
		{FF985F5C-0317-42ED-8B0B-E602CF0E9534}.Debug|Win32.Build.0 = Debug|Win32
		{FF985F5C-0317-42ED-8B0B-E602CF0E9534}.Profile|Win32.ActiveCfg = Release|Win32
		{FF985F5C-0317-42ED-8B0B-E602CF0E9534}.Profile|Win32.Build.0 = Release|Win32
		{FF985F5C-0317-42ED-8B0B-E602CF0E9534}.Release|Win32.ActiveCfg = Release|Win32
		{FF985F5C-0317-42ED-8B0B-E602CF0E9534}.Release|Win32.Build.0 = Release|Win32
		{1C9F46EB-3FE6-41D1-9108-B30FCA334712}.Debug|Win32.ActiveCfg = Debug|Win32
		{1C9F46EB-3FE6-41D1-9108-B30FCA334712}.Debug|Win32.Build.0 = Debug|Win32
		{1C9F46EB-3FE6-41D1-9108-B30FCA334712}.Profile|Win32.ActiveCfg = Release|Win32
		{1C9F46EB-3FE6-41D1-9108-B30FCA334712}.Profile|Win32.Build.0 = Release|Win32
		{1C9F46EB-3FE6-41D1-9108-B30FCA334712}.Release|Win32.ActiveCfg = Release|Win32
		{1C9F46EB-3FE6-41D1-9108-B30FCA334712}.Release|Win32.Build.0 = Release|Win32
	EndGlobalSection
	GlobalSection(SolutionProperties) = preSolution
		HideSolutionNode = FALSE
	EndGlobalSection
EndGlobal
